{
    "_readme": [
        "This file locks the dependencies of your project to a known state",
        "Read more about it at https://getcomposer.org/doc/01-basic-usage.md#composer-lock-the-lock-file",
        "This file is @generated automatically"
    ],
    "hash": "849aa22fc2c81dfae4e368c3ebd28fba",
    "packages": [
        {
            "name": "mindweb/persist",
            "version": "dev-master",
            "source": {
                "type": "git",
                "url": "https://github.com/mindwebpl/persist.git",
                "reference": "65b39892efa14bfc30debd52a0e8422601e7696d"
            },
            "dist": {
                "type": "zip",
                "url": "https://api.github.com/repos/mindwebpl/persist/zipball/65b39892efa14bfc30debd52a0e8422601e7696d",
                "reference": "65b39892efa14bfc30debd52a0e8422601e7696d",
                "shasum": ""
            },
            "require": {
                "mindweb/recognizer": "dev-master",
                "mindweb/subscriber": "dev-master",
                "symfony/event-dispatcher": "~2.3,<2.7"
            },
            "type": "library",
            "autoload": {
                "psr-0": {
                    "Mindweb\\Persist\\": "src"
                }
            },
            "notification-url": "https://packagist.org/downloads/",
            "license": [
                "MIT"
            ],
            "authors": [
                {
                    "name": "Marcin Czołnowski",
                    "email": "marcin@czolnowski.net"
                }
            ],
            "time": "2015-04-19 12:35:00"
        },
        {
            "name": "mindweb/recognizer",
            "version": "dev-master",
            "source": {
                "type": "git",
                "url": "https://github.com/mindwebpl/recognizer.git",
                "reference": "4442734109d813beeb959c02cd9238e4b639f36d"
            },
            "dist": {
                "type": "zip",
                "url": "https://api.github.com/repos/mindwebpl/recognizer/zipball/4442734109d813beeb959c02cd9238e4b639f36d",
                "reference": "4442734109d813beeb959c02cd9238e4b639f36d",
                "shasum": ""
            },
            "require": {
                "mindweb/subscriber": "dev-master",
                "symfony/event-dispatcher": "~2.3,<2.7",
                "symfony/http-foundation": "~2.3,<2.7"
            },
            "type": "library",
            "autoload": {
                "psr-0": {
                    "Mindweb\\Recognizer\\": "src"
                }
            },
            "notification-url": "https://packagist.org/downloads/",
            "license": [
                "MIT"
            ],
            "authors": [
                {
                    "name": "Marcin Czołnowski",
                    "email": "marcin@czolnowski.net"
                }
            ],
            "time": "2015-04-18 18:08:54"
        },
        {
            "name": "mindweb/subscriber",
            "version": "dev-master",
            "source": {
                "type": "git",
                "url": "https://github.com/mindwebpl/subscriber.git",
                "reference": "829cfcbbcb11d1b52728993b1e5c927b984be3ac"
            },
            "dist": {
                "type": "zip",
                "url": "https://api.github.com/repos/mindwebpl/subscriber/zipball/829cfcbbcb11d1b52728993b1e5c927b984be3ac",
                "reference": "829cfcbbcb11d1b52728993b1e5c927b984be3ac",
                "shasum": ""
            },
            "require": {
                "symfony/config": "~2.0"
            },
            "type": "library",
            "autoload": {
                "psr-0": {
                    "Mindweb\\Subscriber\\": "src"
                }
            },
            "notification-url": "https://packagist.org/downloads/",
            "license": [
                "MIT"
            ],
            "authors": [
                {
                    "name": "Marcin Czołnowski",
                    "email": "marcin@czolnowski.net"
                }
            ],
            "time": "2015-04-18 16:28:54"
        },
        {
            "name": "symfony/config",
            "version": "v2.7.1",
            "source": {
                "type": "git",
                "url": "https://github.com/symfony/Config.git",
                "reference": "58ded81f1f582a87c528ef3dae9a859f78b5f374"
            },
            "dist": {
                "type": "zip",
                "url": "https://api.github.com/repos/symfony/Config/zipball/58ded81f1f582a87c528ef3dae9a859f78b5f374",
                "reference": "58ded81f1f582a87c528ef3dae9a859f78b5f374",
                "shasum": ""
            },
            "require": {
                "php": ">=5.3.9",
                "symfony/filesystem": "~2.3"
            },
            "require-dev": {
                "symfony/phpunit-bridge": "~2.7"
            },
            "type": "library",
            "extra": {
                "branch-alias": {
                    "dev-master": "2.7-dev"
                }
            },
            "autoload": {
                "psr-4": {
                    "Symfony\\Component\\Config\\": ""
                }
            },
            "notification-url": "https://packagist.org/downloads/",
            "license": [
                "MIT"
            ],
            "authors": [
                {
                    "name": "Fabien Potencier",
                    "email": "fabien@symfony.com"
                },
                {
                    "name": "Symfony Community",
                    "homepage": "https://symfony.com/contributors"
                }
            ],
            "description": "Symfony Config Component",
            "homepage": "https://symfony.com",
            "time": "2015-06-11 14:06:56"
        },
        {
            "name": "symfony/event-dispatcher",
            "version": "v2.6.9",
            "target-dir": "Symfony/Component/EventDispatcher",
            "source": {
                "type": "git",
                "url": "https://github.com/symfony/EventDispatcher.git",
                "reference": "672593bc4b0043a0acf91903bb75a1c82d8f2e02"
            },
            "dist": {
                "type": "zip",
                "url": "https://api.github.com/repos/symfony/EventDispatcher/zipball/672593bc4b0043a0acf91903bb75a1c82d8f2e02",
                "reference": "672593bc4b0043a0acf91903bb75a1c82d8f2e02",
                "shasum": ""
            },
            "require": {
                "php": ">=5.3.3"
            },
            "require-dev": {
                "psr/log": "~1.0",
                "symfony/config": "~2.0,>=2.0.5",
                "symfony/dependency-injection": "~2.6",
                "symfony/expression-language": "~2.6",
                "symfony/phpunit-bridge": "~2.7",
                "symfony/stopwatch": "~2.3"
            },
            "suggest": {
                "symfony/dependency-injection": "",
                "symfony/http-kernel": ""
            },
            "type": "library",
            "extra": {
                "branch-alias": {
                    "dev-master": "2.6-dev"
                }
            },
            "autoload": {
                "psr-0": {
                    "Symfony\\Component\\EventDispatcher\\": ""
                }
            },
            "notification-url": "https://packagist.org/downloads/",
            "license": [
                "MIT"
            ],
            "authors": [
                {
                    "name": "Fabien Potencier",
                    "email": "fabien@symfony.com"
                },
                {
                    "name": "Symfony Community",
                    "homepage": "https://symfony.com/contributors"
                }
            ],
            "description": "Symfony EventDispatcher Component",
            "homepage": "https://symfony.com",
            "time": "2015-05-02 15:18:45"
        },
        {
            "name": "symfony/filesystem",
            "version": "v2.7.1",
            "source": {
                "type": "git",
                "url": "https://github.com/symfony/Filesystem.git",
                "reference": "a0d43eb3e17d4f4c6990289805a488a0482a07f3"
            },
            "dist": {
                "type": "zip",
                "url": "https://api.github.com/repos/symfony/Filesystem/zipball/a0d43eb3e17d4f4c6990289805a488a0482a07f3",
                "reference": "a0d43eb3e17d4f4c6990289805a488a0482a07f3",
                "shasum": ""
            },
            "require": {
                "php": ">=5.3.9"
            },
            "require-dev": {
                "symfony/phpunit-bridge": "~2.7"
            },
            "type": "library",
            "extra": {
                "branch-alias": {
                    "dev-master": "2.7-dev"
                }
            },
            "autoload": {
                "psr-4": {
                    "Symfony\\Component\\Filesystem\\": ""
                }
            },
            "notification-url": "https://packagist.org/downloads/",
            "license": [
                "MIT"
            ],
            "authors": [
                {
                    "name": "Fabien Potencier",
                    "email": "fabien@symfony.com"
                },
                {
                    "name": "Symfony Community",
                    "homepage": "https://symfony.com/contributors"
                }
            ],
            "description": "Symfony Filesystem Component",
            "homepage": "https://symfony.com",
            "time": "2015-06-08 09:37:21"
        },
        {
            "name": "symfony/http-foundation",
            "version": "v2.6.9",
            "target-dir": "Symfony/Component/HttpFoundation",
            "source": {
                "type": "git",
                "url": "https://github.com/symfony/HttpFoundation.git",
                "reference": "f9b28dcc6d3e50f5568b42dda7292656a9fe8432"
            },
            "dist": {
                "type": "zip",
                "url": "https://api.github.com/repos/symfony/HttpFoundation/zipball/f9b28dcc6d3e50f5568b42dda7292656a9fe8432",
                "reference": "f9b28dcc6d3e50f5568b42dda7292656a9fe8432",
                "shasum": ""
            },
            "require": {
                "php": ">=5.3.3"
            },
            "require-dev": {
                "symfony/expression-language": "~2.4",
                "symfony/phpunit-bridge": "~2.7"
            },
            "type": "library",
            "extra": {
                "branch-alias": {
                    "dev-master": "2.6-dev"
                }
            },
            "autoload": {
                "psr-0": {
                    "Symfony\\Component\\HttpFoundation\\": ""
                },
                "classmap": [
                    "Symfony/Component/HttpFoundation/Resources/stubs"
                ]
            },
            "notification-url": "https://packagist.org/downloads/",
            "license": [
                "MIT"
            ],
            "authors": [
                {
                    "name": "Fabien Potencier",
                    "email": "fabien@symfony.com"
                },
                {
                    "name": "Symfony Community",
                    "homepage": "https://symfony.com/contributors"
                }
            ],
            "description": "Symfony HttpFoundation Component",
            "homepage": "https://symfony.com",
            "time": "2015-05-22 14:53:08"
        },
        {
            "name": "videlalvaro/php-amqplib",
            "version": "v2.1.0",
            "source": {
                "type": "git",
                "url": "https://github.com/videlalvaro/php-amqplib.git",
                "reference": "adc2a425ab214517a5e76557a9370bdc6f212576"
            },
            "dist": {
                "type": "zip",
                "url": "https://api.github.com/repos/videlalvaro/php-amqplib/zipball/adc2a425ab214517a5e76557a9370bdc6f212576",
                "reference": "adc2a425ab214517a5e76557a9370bdc6f212576",
                "shasum": ""
            },
            "require": {
                "ext-bcmath": "*",
                "php": ">=5.3.0"
            },
            "type": "library",
            "autoload": {
                "psr-0": {
                    "PhpAmqpLib": ""
                }
            },
            "notification-url": "https://packagist.org/downloads/",
            "license": [
                "LGPL-2.1"
            ],
            "authors": [
                {
                    "name": "Alvaro Videla"
                }
            ],
            "description": "This library is a pure PHP implementation of the AMQP protocol. It's been tested against RabbitMQ.",
            "homepage": "https://github.com/videlalvaro/php-amqplib/",
            "keywords": [
                "message",
                "queue",
                "rabbitmq"
            ],
            "time": "2013-06-17 19:25:27"
        }
    ],
    "packages-dev": [],
    "aliases": [],
    "minimum-stability": "stable",
    "stability-flags": {
        "mindweb/subscriber": 20,
        "mindweb/recognizer": 20,
        "mindweb/persist": 20
    },
    "prefer-stable": false,
    "prefer-lowest": false,
    "platform": [],
    "platform-dev": []
}
